
Microsoft Visual Studio Solution File, Format Version 12.00
# Visual Studio 15
VisualStudioVersion = 15.0.28307.438
MinimumVisualStudioVersion = 10.0.40219.1
Project("{FAE04EC0-301F-11D3-BF4B-00C04F79EFBC}") = "AutomationUI", "AutomationUI\AutomationUI.csproj", "{3E8F073B-0F69-43BC-B299-062634BAC432}"
EndProject
Global
	GlobalSection(SolutionConfigurationPlatforms) = preSolution
		Debug|Any CPU = Debug|Any CPU
		Release|Any CPU = Release|Any CPU
	EndGlobalSection
	GlobalSection(ProjectConfigurationPlatforms) = postSolution
		{3E8F073B-0F69-43BC-B299-062634BAC432}.Debug|Any CPU.ActiveCfg = Debug|Any CPU
		{3E8F073B-0F69-43BC-B299-062634BAC432}.Debug|Any CPU.Build.0 = Debug|Any CPU
		{3E8F073B-0F69-43BC-B299-062634BAC432}.Release|Any CPU.ActiveCfg = Release|Any CPU
		{3E8F073B-0F69-43BC-B299-062634BAC432}.Release|Any CPU.Build.0 = Release|Any CPU
	EndGlobalSection
	GlobalSection(SolutionProperties) = preSolution
		HideSolutionNode = FALSE
	EndGlobalSection
	GlobalSection(ExtensibilityGlobals) = postSolution
		SolutionGuid = {DB8002B6-2D46-4633-96D1-8F90DBA27A7E}
	EndGlobalSection
EndGlobal
