
Microsoft Visual Studio Solution File, Format Version 12.00
# Visual Studio 15
VisualStudioVersion = 15.0.28307.438
MinimumVisualStudioVersion = 10.0.40219.1
Project("{9A19103F-16F7-4668-BE54-9A1E7A4F7556}") = "AutomationUI2", "AutomationUI2\AutomationUI2.csproj", "{11365822-CCF5-434E-80F7-32EEB5F96F41}"
EndProject
Global
	GlobalSection(SolutionConfigurationPlatforms) = preSolution
		Debug|Any CPU = Debug|Any CPU
		Release|Any CPU = Release|Any CPU
	EndGlobalSection
	GlobalSection(ProjectConfigurationPlatforms) = postSolution
		{11365822-CCF5-434E-80F7-32EEB5F96F41}.Debug|Any CPU.ActiveCfg = Debug|Any CPU
		{11365822-CCF5-434E-80F7-32EEB5F96F41}.Debug|Any CPU.Build.0 = Debug|Any CPU
		{11365822-CCF5-434E-80F7-32EEB5F96F41}.Release|Any CPU.ActiveCfg = Release|Any CPU
		{11365822-CCF5-434E-80F7-32EEB5F96F41}.Release|Any CPU.Build.0 = Release|Any CPU
	EndGlobalSection
	GlobalSection(SolutionProperties) = preSolution
		HideSolutionNode = FALSE
	EndGlobalSection
	GlobalSection(ExtensibilityGlobals) = postSolution
		SolutionGuid = {DB8002B6-2D46-4633-96D1-8F90DBA27A7E}
	EndGlobalSection
EndGlobal
